
Microsoft Visual Studio Solution File, Format Version 12.00
# Visual Studio Version 17
VisualStudioVersion = 17.8.34322.80
MinimumVisualStudioVersion = 10.0.40219.1
Project("{9A19103F-16F7-4668-BE54-9A1E7A4F7556}") = "MarketData", "MarketData\MarketData.csproj", "{5BA2BA85-DDC9-4B77-9D98-6BA94ACB367E}"
EndProject
Project("{9A19103F-16F7-4668-BE54-9A1E7A4F7556}") = "Protocol", "Protocol\Protocol.csproj", "{B1D7ECCC-4190-4E4F-880E-D74101F7D2FF}"
EndProject
Project("{9A19103F-16F7-4668-BE54-9A1E7A4F7556}") = "MarketInfo", "MarketInfo\MarketInfo.csproj", "{0FC33071-BD59-40B8-A053-26E01090BB36}"
EndProject
Project("{9A19103F-16F7-4668-BE54-9A1E7A4F7556}") = "Controller", "Controller\Controller.csproj", "{5A41AE7F-337C-4617-BADC-FABF80F268BF}"
EndProject
Project("{9A19103F-16F7-4668-BE54-9A1E7A4F7556}") = "Services", "Services\Services.csproj", "{2FE8265B-5C22-4371-883B-AEC4D3D5ABB3}"
EndProject
Project("{FAE04EC0-301F-11D3-BF4B-00C04F79EFBC}") = "AI", "AI\AI.csproj", "{4C7320F7-57DE-42C2-9A51-1AE624394C66}"
EndProject
Global
	GlobalSection(SolutionConfigurationPlatforms) = preSolution
		Debug|Any CPU = Debug|Any CPU
		Release|Any CPU = Release|Any CPU
	EndGlobalSection
	GlobalSection(ProjectConfigurationPlatforms) = postSolution
		{5BA2BA85-DDC9-4B77-9D98-6BA94ACB367E}.Debug|Any CPU.ActiveCfg = Debug|Any CPU
		{5BA2BA85-DDC9-4B77-9D98-6BA94ACB367E}.Debug|Any CPU.Build.0 = Debug|Any CPU
		{5BA2BA85-DDC9-4B77-9D98-6BA94ACB367E}.Release|Any CPU.ActiveCfg = Release|Any CPU
		{5BA2BA85-DDC9-4B77-9D98-6BA94ACB367E}.Release|Any CPU.Build.0 = Release|Any CPU
		{B1D7ECCC-4190-4E4F-880E-D74101F7D2FF}.Debug|Any CPU.ActiveCfg = Debug|Any CPU
		{B1D7ECCC-4190-4E4F-880E-D74101F7D2FF}.Debug|Any CPU.Build.0 = Debug|Any CPU
		{B1D7ECCC-4190-4E4F-880E-D74101F7D2FF}.Release|Any CPU.ActiveCfg = Release|Any CPU
		{B1D7ECCC-4190-4E4F-880E-D74101F7D2FF}.Release|Any CPU.Build.0 = Release|Any CPU
		{0FC33071-BD59-40B8-A053-26E01090BB36}.Debug|Any CPU.ActiveCfg = Debug|Any CPU
		{0FC33071-BD59-40B8-A053-26E01090BB36}.Debug|Any CPU.Build.0 = Debug|Any CPU
		{0FC33071-BD59-40B8-A053-26E01090BB36}.Release|Any CPU.ActiveCfg = Release|Any CPU
		{0FC33071-BD59-40B8-A053-26E01090BB36}.Release|Any CPU.Build.0 = Release|Any CPU
		{5A41AE7F-337C-4617-BADC-FABF80F268BF}.Debug|Any CPU.ActiveCfg = Debug|Any CPU
		{5A41AE7F-337C-4617-BADC-FABF80F268BF}.Debug|Any CPU.Build.0 = Debug|Any CPU
		{5A41AE7F-337C-4617-BADC-FABF80F268BF}.Release|Any CPU.ActiveCfg = Release|Any CPU
		{5A41AE7F-337C-4617-BADC-FABF80F268BF}.Release|Any CPU.Build.0 = Release|Any CPU
		{2FE8265B-5C22-4371-883B-AEC4D3D5ABB3}.Debug|Any CPU.ActiveCfg = Debug|Any CPU
		{2FE8265B-5C22-4371-883B-AEC4D3D5ABB3}.Debug|Any CPU.Build.0 = Debug|Any CPU
		{2FE8265B-5C22-4371-883B-AEC4D3D5ABB3}.Release|Any CPU.ActiveCfg = Release|Any CPU
		{2FE8265B-5C22-4371-883B-AEC4D3D5ABB3}.Release|Any CPU.Build.0 = Release|Any CPU
		{4C7320F7-57DE-42C2-9A51-1AE624394C66}.Debug|Any CPU.ActiveCfg = Debug|Any CPU
		{4C7320F7-57DE-42C2-9A51-1AE624394C66}.Debug|Any CPU.Build.0 = Debug|Any CPU
		{4C7320F7-57DE-42C2-9A51-1AE624394C66}.Release|Any CPU.ActiveCfg = Release|Any CPU
		{4C7320F7-57DE-42C2-9A51-1AE624394C66}.Release|Any CPU.Build.0 = Release|Any CPU
	EndGlobalSection
	GlobalSection(SolutionProperties) = preSolution
		HideSolutionNode = FALSE
	EndGlobalSection
	GlobalSection(ExtensibilityGlobals) = postSolution
		SolutionGuid = {16136693-0676-441F-93B3-1915A9FE067F}
	EndGlobalSection
EndGlobal
